// !$*UTF8*$!
{
	archiveVersion = 1;
	classes = {
	};
	objectVersion = 46;
	objects = {

/* Begin PBXBuildFile section */
		2D88EE631CE9A8FD00E7E91C /* main.m in Sources */ = {isa = PBXBuildFile; fileRef = 2D88EE621CE9A8FD00E7E91C /* main.m */; };
		2D88EE661CE9A8FD00E7E91C /* AppDelegate.m in Sources */ = {isa = PBXBuildFile; fileRef = 2D88EE651CE9A8FD00E7E91C /* AppDelegate.m */; };
		2D88EE681CE9A8FD00E7E91C /* Assets.xcassets in Resources */ = {isa = PBXBuildFile; fileRef = 2D88EE671CE9A8FD00E7E91C /* Assets.xcassets */; };
		2D88EE6B1CE9A8FD00E7E91C /* LaunchScreen.storyboard in Resources */ = {isa = PBXBuildFile; fileRef = 2D88EE691CE9A8FD00E7E91C /* LaunchScreen.storyboard */; };
		2D88EE7F1CE9AC2700E7E91C /* DemoModel.m in Sources */ = {isa = PBXBuildFile; fileRef = 2D88EE7E1CE9AC2700E7E91C /* DemoModel.m */; };
		2D88EE881CE9AFF200E7E91C /* DemoCell.m in Sources */ = {isa = PBXBuildFile; fileRef = 2D88EE871CE9AFF200E7E91C /* DemoCell.m */; };
		2D88EEA71CE9C52F00E7E91C /* DataDownloadViewController.m in Sources */ = {isa = PBXBuildFile; fileRef = 2D88EEA01CE9C52F00E7E91C /* DataDownloadViewController.m */; };
		2D88EEA81CE9C52F00E7E91C /* DataRequestViewController.m in Sources */ = {isa = PBXBuildFile; fileRef = 2D88EEA21CE9C52F00E7E91C /* DataRequestViewController.m */; };
		2D88EEA91CE9C52F00E7E91C /* DemoNavigationController.m in Sources */ = {isa = PBXBuildFile; fileRef = 2D88EEA41CE9C52F00E7E91C /* DemoNavigationController.m */; };
		2D88EEAA1CE9C52F00E7E91C /* DemoViewController.m in Sources */ = {isa = PBXBuildFile; fileRef = 2D88EEA61CE9C52F00E7E91C /* DemoViewController.m */; };
		2DEC5EE01CE9CBF20073619A /* SwpNetworking.m in Sources */ = {isa = PBXBuildFile; fileRef = 2DEC5EDB1CE9CBF20073619A /* SwpNetworking.m */; };
		2DEC5EE11CE9CBF20073619A /* SwpNetworkingTools.m in Sources */ = {isa = PBXBuildFile; fileRef = 2DEC5EDD1CE9CBF20073619A /* SwpNetworkingTools.m */; };
		2DEC5EE21CE9CBF20073619A /* SwpNetworkingVariableType.m in Sources */ = {isa = PBXBuildFile; fileRef = 2DEC5EDF1CE9CBF20073619A /* SwpNetworkingVariableType.m */; };
		2DEC5EE51CE9CE580073619A /* AppDelegate+SVProgressHUD.m in Sources */ = {isa = PBXBuildFile; fileRef = 2DEC5EE41CE9CE580073619A /* AppDelegate+SVProgressHUD.m */; };
		5C93933F638CB6E57082E222 /* libPods-Demo.a in Frameworks */ = {isa = PBXBuildFile; fileRef = 99C7EF6E8C9051FC65FC587F /* libPods-Demo.a */; };
/* End PBXBuildFile section */

/* Begin PBXFileReference section */
		2D88EE5E1CE9A8FD00E7E91C /* Demo.app */ = {isa = PBXFileReference; explicitFileType = wrapper.application; includeInIndex = 0; path = Demo.app; sourceTree = BUILT_PRODUCTS_DIR; };
		2D88EE621CE9A8FD00E7E91C /* main.m */ = {isa = PBXFileReference; lastKnownFileType = sourcecode.c.objc; path = main.m; sourceTree = "<group>"; };
		2D88EE641CE9A8FD00E7E91C /* AppDelegate.h */ = {isa = PBXFileReference; lastKnownFileType = sourcecode.c.h; path = AppDelegate.h; sourceTree = "<group>"; };
		2D88EE651CE9A8FD00E7E91C /* AppDelegate.m */ = {isa = PBXFileReference; lastKnownFileType = sourcecode.c.objc; path = AppDelegate.m; sourceTree = "<group>"; };
		2D88EE671CE9A8FD00E7E91C /* Assets.xcassets */ = {isa = PBXFileReference; lastKnownFileType = folder.assetcatalog; path = Assets.xcassets; sourceTree = "<group>"; };
		2D88EE6A1CE9A8FD00E7E91C /* Base */ = {isa = PBXFileReference; lastKnownFileType = file.storyboard; name = Base; path = Base.lproj/LaunchScreen.storyboard; sourceTree = "<group>"; };
		2D88EE6C1CE9A8FD00E7E91C /* Info.plist */ = {isa = PBXFileReference; lastKnownFileType = text.plist.xml; path = Info.plist; sourceTree = "<group>"; };
		2D88EE7D1CE9AC2700E7E91C /* DemoModel.h */ = {isa = PBXFileReference; fileEncoding = 4; lastKnownFileType = sourcecode.c.h; path = DemoModel.h; sourceTree = "<group>"; };
		2D88EE7E1CE9AC2700E7E91C /* DemoModel.m */ = {isa = PBXFileReference; fileEncoding = 4; lastKnownFileType = sourcecode.c.objc; path = DemoModel.m; sourceTree = "<group>"; };
		2D88EE861CE9AFF200E7E91C /* DemoCell.h */ = {isa = PBXFileReference; fileEncoding = 4; lastKnownFileType = sourcecode.c.h; path = DemoCell.h; sourceTree = "<group>"; };
		2D88EE871CE9AFF200E7E91C /* DemoCell.m */ = {isa = PBXFileReference; fileEncoding = 4; lastKnownFileType = sourcecode.c.objc; path = DemoCell.m; sourceTree = "<group>"; };
		2D88EE9F1CE9C52F00E7E91C /* DataDownloadViewController.h */ = {isa = PBXFileReference; fileEncoding = 4; lastKnownFileType = sourcecode.c.h; path = DataDownloadViewController.h; sourceTree = "<group>"; };
		2D88EEA01CE9C52F00E7E91C /* DataDownloadViewController.m */ = {isa = PBXFileReference; fileEncoding = 4; lastKnownFileType = sourcecode.c.objc; path = DataDownloadViewController.m; sourceTree = "<group>"; };
		2D88EEA11CE9C52F00E7E91C /* DataRequestViewController.h */ = {isa = PBXFileReference; fileEncoding = 4; lastKnownFileType = sourcecode.c.h; path = DataRequestViewController.h; sourceTree = "<group>"; };
		2D88EEA21CE9C52F00E7E91C /* DataRequestViewController.m */ = {isa = PBXFileReference; fileEncoding = 4; lastKnownFileType = sourcecode.c.objc; path = DataRequestViewController.m; sourceTree = "<group>"; };
		2D88EEA31CE9C52F00E7E91C /* DemoNavigationController.h */ = {isa = PBXFileReference; fileEncoding = 4; lastKnownFileType = sourcecode.c.h; path = DemoNavigationController.h; sourceTree = "<group>"; };
		2D88EEA41CE9C52F00E7E91C /* DemoNavigationController.m */ = {isa = PBXFileReference; fileEncoding = 4; lastKnownFileType = sourcecode.c.objc; path = DemoNavigationController.m; sourceTree = "<group>"; };
		2D88EEA51CE9C52F00E7E91C /* DemoViewController.h */ = {isa = PBXFileReference; fileEncoding = 4; lastKnownFileType = sourcecode.c.h; path = DemoViewController.h; sourceTree = "<group>"; };
		2D88EEA61CE9C52F00E7E91C /* DemoViewController.m */ = {isa = PBXFileReference; fileEncoding = 4; lastKnownFileType = sourcecode.c.objc; path = DemoViewController.m; sourceTree = "<group>"; };
		2DEC5EDA1CE9CBF20073619A /* SwpNetworking.h */ = {isa = PBXFileReference; fileEncoding = 4; lastKnownFileType = sourcecode.c.h; path = SwpNetworking.h; sourceTree = "<group>"; };
		2DEC5EDB1CE9CBF20073619A /* SwpNetworking.m */ = {isa = PBXFileReference; fileEncoding = 4; lastKnownFileType = sourcecode.c.objc; path = SwpNetworking.m; sourceTree = "<group>"; };
		2DEC5EDC1CE9CBF20073619A /* SwpNetworkingTools.h */ = {isa = PBXFileReference; fileEncoding = 4; lastKnownFileType = sourcecode.c.h; path = SwpNetworkingTools.h; sourceTree = "<group>"; };
		2DEC5EDD1CE9CBF20073619A /* SwpNetworkingTools.m */ = {isa = PBXFileReference; fileEncoding = 4; lastKnownFileType = sourcecode.c.objc; path = SwpNetworkingTools.m; sourceTree = "<group>"; };
		2DEC5EDE1CE9CBF20073619A /* SwpNetworkingVariableType.h */ = {isa = PBXFileReference; fileEncoding = 4; lastKnownFileType = sourcecode.c.h; path = SwpNetworkingVariableType.h; sourceTree = "<group>"; };
		2DEC5EDF1CE9CBF20073619A /* SwpNetworkingVariableType.m */ = {isa = PBXFileReference; fileEncoding = 4; lastKnownFileType = sourcecode.c.objc; path = SwpNetworkingVariableType.m; sourceTree = "<group>"; };
		2DEC5EE31CE9CE580073619A /* AppDelegate+SVProgressHUD.h */ = {isa = PBXFileReference; fileEncoding = 4; lastKnownFileType = sourcecode.c.h; path = "AppDelegate+SVProgressHUD.h"; sourceTree = "<group>"; };
		2DEC5EE41CE9CE580073619A /* AppDelegate+SVProgressHUD.m */ = {isa = PBXFileReference; fileEncoding = 4; lastKnownFileType = sourcecode.c.objc; path = "AppDelegate+SVProgressHUD.m"; sourceTree = "<group>"; };
		5418C28E464935D13B8865C5 /* Pods-Demo.release.xcconfig */ = {isa = PBXFileReference; includeInIndex = 1; lastKnownFileType = text.xcconfig; name = "Pods-Demo.release.xcconfig"; path = "Pods/Target Support Files/Pods-Demo/Pods-Demo.release.xcconfig"; sourceTree = "<group>"; };
		87C63861E065CB83B37B4B89 /* Pods-Demo.debug.xcconfig */ = {isa = PBXFileReference; includeInIndex = 1; lastKnownFileType = text.xcconfig; name = "Pods-Demo.debug.xcconfig"; path = "Pods/Target Support Files/Pods-Demo/Pods-Demo.debug.xcconfig"; sourceTree = "<group>"; };
		99C7EF6E8C9051FC65FC587F /* libPods-Demo.a */ = {isa = PBXFileReference; explicitFileType = archive.ar; includeInIndex = 0; path = "libPods-Demo.a"; sourceTree = BUILT_PRODUCTS_DIR; };
/* End PBXFileReference section */

/* Begin PBXFrameworksBuildPhase section */
		2D88EE5B1CE9A8FD00E7E91C /* Frameworks */ = {
			isa = PBXFrameworksBuildPhase;
			buildActionMask = 2147483647;
			files = (
				5C93933F638CB6E57082E222 /* libPods-Demo.a in Frameworks */,
			);
			runOnlyForDeploymentPostprocessing = 0;
		};
/* End PBXFrameworksBuildPhase section */

/* Begin PBXGroup section */
		03A05B50E1E1625C89FE577A /* Pods */ = {
			isa = PBXGroup;
			children = (
				87C63861E065CB83B37B4B89 /* Pods-Demo.debug.xcconfig */,
				5418C28E464935D13B8865C5 /* Pods-Demo.release.xcconfig */,
			);
			name = Pods;
			sourceTree = "<group>";
		};
		14A4DE38D4CCA14953FBEBCD /* Frameworks */ = {
			isa = PBXGroup;
			children = (
				99C7EF6E8C9051FC65FC587F /* libPods-Demo.a */,
			);
			name = Frameworks;
			sourceTree = "<group>";
		};
		2D88EE551CE9A8FD00E7E91C = {
			isa = PBXGroup;
			children = (
				2D88EE601CE9A8FD00E7E91C /* Demo */,
				2D88EE5F1CE9A8FD00E7E91C /* Products */,
				03A05B50E1E1625C89FE577A /* Pods */,
				14A4DE38D4CCA14953FBEBCD /* Frameworks */,
			);
			sourceTree = "<group>";
		};
		2D88EE5F1CE9A8FD00E7E91C /* Products */ = {
			isa = PBXGroup;
			children = (
				2D88EE5E1CE9A8FD00E7E91C /* Demo.app */,
			);
			name = Products;
			sourceTree = "<group>";
		};
		2D88EE601CE9A8FD00E7E91C /* Demo */ = {
			isa = PBXGroup;
			children = (
				2DEC5ED91CE9CBF20073619A /* SwpNetworking */,
				2D88EE731CE9AA1100E7E91C /* Class */,
				2DEC5EE31CE9CE580073619A /* AppDelegate+SVProgressHUD.h */,
				2DEC5EE41CE9CE580073619A /* AppDelegate+SVProgressHUD.m */,
				2D88EE641CE9A8FD00E7E91C /* AppDelegate.h */,
				2D88EE651CE9A8FD00E7E91C /* AppDelegate.m */,
				2D88EE671CE9A8FD00E7E91C /* Assets.xcassets */,
				2D88EE691CE9A8FD00E7E91C /* LaunchScreen.storyboard */,
				2D88EE6C1CE9A8FD00E7E91C /* Info.plist */,
				2D88EE611CE9A8FD00E7E91C /* Supporting Files */,
			);
			path = Demo;
			sourceTree = "<group>";
		};
		2D88EE611CE9A8FD00E7E91C /* Supporting Files */ = {
			isa = PBXGroup;
			children = (
				2D88EE621CE9A8FD00E7E91C /* main.m */,
			);
			name = "Supporting Files";
			sourceTree = "<group>";
		};
		2D88EE731CE9AA1100E7E91C /* Class */ = {
			isa = PBXGroup;
			children = (
				2D88EE741CE9AA1100E7E91C /* Controllers */,
				2D88EE751CE9AA1100E7E91C /* Models */,
				2D88EE761CE9AA1100E7E91C /* Views */,
			);
			path = Class;
			sourceTree = "<group>";
		};
		2D88EE741CE9AA1100E7E91C /* Controllers */ = {
			isa = PBXGroup;
			children = (
				2D88EE9F1CE9C52F00E7E91C /* DataDownloadViewController.h */,
				2D88EEA01CE9C52F00E7E91C /* DataDownloadViewController.m */,
				2D88EEA11CE9C52F00E7E91C /* DataRequestViewController.h */,
				2D88EEA21CE9C52F00E7E91C /* DataRequestViewController.m */,
				2D88EEA31CE9C52F00E7E91C /* DemoNavigationController.h */,
				2D88EEA41CE9C52F00E7E91C /* DemoNavigationController.m */,
				2D88EEA51CE9C52F00E7E91C /* DemoViewController.h */,
				2D88EEA61CE9C52F00E7E91C /* DemoViewController.m */,
			);
			path = Controllers;
			sourceTree = "<group>";
		};
		2D88EE751CE9AA1100E7E91C /* Models */ = {
			isa = PBXGroup;
			children = (
				2D88EE7D1CE9AC2700E7E91C /* DemoModel.h */,
				2D88EE7E1CE9AC2700E7E91C /* DemoModel.m */,
			);
			path = Models;
			sourceTree = "<group>";
		};
		2D88EE761CE9AA1100E7E91C /* Views */ = {
			isa = PBXGroup;
			children = (
				2D88EE861CE9AFF200E7E91C /* DemoCell.h */,
				2D88EE871CE9AFF200E7E91C /* DemoCell.m */,
			);
			path = Views;
			sourceTree = "<group>";
		};
		2DEC5ED91CE9CBF20073619A /* SwpNetworking */ = {
			isa = PBXGroup;
			children = (
				2DEC5EDA1CE9CBF20073619A /* SwpNetworking.h */,
				2DEC5EDB1CE9CBF20073619A /* SwpNetworking.m */,
				2DEC5EDC1CE9CBF20073619A /* SwpNetworkingTools.h */,
				2DEC5EDD1CE9CBF20073619A /* SwpNetworkingTools.m */,
				2DEC5EDE1CE9CBF20073619A /* SwpNetworkingVariableType.h */,
				2DEC5EDF1CE9CBF20073619A /* SwpNetworkingVariableType.m */,
			);
			name = SwpNetworking;
			path = ../../SwpNetworking;
			sourceTree = "<group>";
		};
/* End PBXGroup section */

/* Begin PBXNativeTarget section */
		2D88EE5D1CE9A8FD00E7E91C /* Demo */ = {
			isa = PBXNativeTarget;
			buildConfigurationList = 2D88EE6F1CE9A8FD00E7E91C /* Build configuration list for PBXNativeTarget "Demo" */;
			buildPhases = (
				B9F58EA6250360802F0D8C1B /* 📦 Check Pods Manifest.lock */,
				2D88EE5A1CE9A8FD00E7E91C /* Sources */,
				2D88EE5B1CE9A8FD00E7E91C /* Frameworks */,
				2D88EE5C1CE9A8FD00E7E91C /* Resources */,
				E206F04410FE793C5B360BFC /* 📦 Embed Pods Frameworks */,
				0AA955D809B7B662801F6074 /* 📦 Copy Pods Resources */,
			);
			buildRules = (
			);
			dependencies = (
			);
			name = Demo;
			productName = Demo;
			productReference = 2D88EE5E1CE9A8FD00E7E91C /* Demo.app */;
			productType = "com.apple.product-type.application";
		};
/* End PBXNativeTarget section */

/* Begin PBXProject section */
		2D88EE561CE9A8FD00E7E91C /* Project object */ = {
			isa = PBXProject;
			attributes = {
				LastUpgradeCheck = 0730;
				ORGANIZATIONNAME = swp_song;
				TargetAttributes = {
					2D88EE5D1CE9A8FD00E7E91C = {
						CreatedOnToolsVersion = 7.3.1;
					};
				};
			};
			buildConfigurationList = 2D88EE591CE9A8FD00E7E91C /* Build configuration list for PBXProject "Demo" */;
			compatibilityVersion = "Xcode 3.2";
			developmentRegion = English;
			hasScannedForEncodings = 0;
			knownRegions = (
				en,
				Base,
			);
			mainGroup = 2D88EE551CE9A8FD00E7E91C;
			productRefGroup = 2D88EE5F1CE9A8FD00E7E91C /* Products */;
			projectDirPath = "";
			projectRoot = "";
			targets = (
				2D88EE5D1CE9A8FD00E7E91C /* Demo */,
			);
		};
/* End PBXProject section */

/* Begin PBXResourcesBuildPhase section */
		2D88EE5C1CE9A8FD00E7E91C /* Resources */ = {
			isa = PBXResourcesBuildPhase;
			buildActionMask = 2147483647;
			files = (
				2D88EE681CE9A8FD00E7E91C /* Assets.xcassets in Resources */,
				2D88EE6B1CE9A8FD00E7E91C /* LaunchScreen.storyboard in Resources */,
			);
			runOnlyForDeploymentPostprocessing = 0;
		};
/* End PBXResourcesBuildPhase section */

/* Begin PBXShellScriptBuildPhase section */
		0AA955D809B7B662801F6074 /* 📦 Copy Pods Resources */ = {
			isa = PBXShellScriptBuildPhase;
			buildActionMask = 2147483647;
			files = (
			);
			inputPaths = (
			);
			name = "📦 Copy Pods Resources";
			outputPaths = (
			);
			runOnlyForDeploymentPostprocessing = 0;
			shellPath = /bin/sh;
			shellScript = "\"${SRCROOT}/Pods/Target Support Files/Pods-Demo/Pods-Demo-resources.sh\"\n";
			showEnvVarsInLog = 0;
		};
		B9F58EA6250360802F0D8C1B /* 📦 Check Pods Manifest.lock */ = {
			isa = PBXShellScriptBuildPhase;
			buildActionMask = 2147483647;
			files = (
			);
			inputPaths = (
			);
			name = "📦 Check Pods Manifest.lock";
			outputPaths = (
			);
			runOnlyForDeploymentPostprocessing = 0;
			shellPath = /bin/sh;
			shellScript = "diff \"${PODS_ROOT}/../Podfile.lock\" \"${PODS_ROOT}/Manifest.lock\" > /dev/null\nif [[ $? != 0 ]] ; then\n    cat << EOM\nerror: The sandbox is not in sync with the Podfile.lock. Run 'pod install' or update your CocoaPods installation.\nEOM\n    exit 1\nfi\n";
			showEnvVarsInLog = 0;
		};
		E206F04410FE793C5B360BFC /* 📦 Embed Pods Frameworks */ = {
			isa = PBXShellScriptBuildPhase;
			buildActionMask = 2147483647;
			files = (
			);
			inputPaths = (
			);
			name = "📦 Embed Pods Frameworks";
			outputPaths = (
			);
			runOnlyForDeploymentPostprocessing = 0;
			shellPath = /bin/sh;
			shellScript = "\"${SRCROOT}/Pods/Target Support Files/Pods-Demo/Pods-Demo-frameworks.sh\"\n";
			showEnvVarsInLog = 0;
		};
/* End PBXShellScriptBuildPhase section */

/* Begin PBXSourcesBuildPhase section */
		2D88EE5A1CE9A8FD00E7E91C /* Sources */ = {
			isa = PBXSourcesBuildPhase;
			buildActionMask = 2147483647;
			files = (
				2DEC5EE51CE9CE580073619A /* AppDelegate+SVProgressHUD.m in Sources */,
				2D88EEA91CE9C52F00E7E91C /* DemoNavigationController.m in Sources */,
				2D88EEA81CE9C52F00E7E91C /* DataRequestViewController.m in Sources */,
				2D88EE7F1CE9AC2700E7E91C /* DemoModel.m in Sources */,
				2D88EEAA1CE9C52F00E7E91C /* DemoViewController.m in Sources */,
				2D88EE881CE9AFF200E7E91C /* DemoCell.m in Sources */,
				2D88EE661CE9A8FD00E7E91C /* AppDelegate.m in Sources */,
				2D88EEA71CE9C52F00E7E91C /* DataDownloadViewController.m in Sources */,
				2D88EE631CE9A8FD00E7E91C /* main.m in Sources */,
				2DEC5EE11CE9CBF20073619A /* SwpNetworkingTools.m in Sources */,
				2DEC5EE21CE9CBF20073619A /* SwpNetworkingVariableType.m in Sources */,
				2DEC5EE01CE9CBF20073619A /* SwpNetworking.m in Sources */,
			);
			runOnlyForDeploymentPostprocessing = 0;
		};
/* End PBXSourcesBuildPhase section */

/* Begin PBXVariantGroup section */
		2D88EE691CE9A8FD00E7E91C /* LaunchScreen.storyboard */ = {
			isa = PBXVariantGroup;
			children = (
				2D88EE6A1CE9A8FD00E7E91C /* Base */,
			);
			name = LaunchScreen.storyboard;
			sourceTree = "<group>";
		};
/* End PBXVariantGroup section */

/* Begin XCBuildConfiguration section */
		2D88EE6D1CE9A8FD00E7E91C /* Debug */ = {
			isa = XCBuildConfiguration;
			buildSettings = {
				ALWAYS_SEARCH_USER_PATHS = NO;
				CLANG_ANALYZER_NONNULL = YES;
				CLANG_CXX_LANGUAGE_STANDARD = "gnu++0x";
				CLANG_CXX_LIBRARY = "libc++";
				CLANG_ENABLE_MODULES = YES;
				CLANG_ENABLE_OBJC_ARC = YES;
				CLANG_WARN_BOOL_CONVERSION = YES;
				CLANG_WARN_CONSTANT_CONVERSION = YES;
				CLANG_WARN_DIRECT_OBJC_ISA_USAGE = YES_ERROR;
				CLANG_WARN_EMPTY_BODY = YES;
				CLANG_WARN_ENUM_CONVERSION = YES;
				CLANG_WARN_INT_CONVERSION = YES;
				CLANG_WARN_OBJC_ROOT_CLASS = YES_ERROR;
				CLANG_WARN_UNREACHABLE_CODE = YES;
				CLANG_WARN__DUPLICATE_METHOD_MATCH = YES;
				"CODE_SIGN_IDENTITY[sdk=iphoneos*]" = "iPhone Developer";
				COPY_PHASE_STRIP = NO;
				DEBUG_INFORMATION_FORMAT = dwarf;
				ENABLE_STRICT_OBJC_MSGSEND = YES;
				ENABLE_TESTABILITY = YES;
				GCC_C_LANGUAGE_STANDARD = gnu99;
				GCC_DYNAMIC_NO_PIC = NO;
				GCC_NO_COMMON_BLOCKS = YES;
				GCC_OPTIMIZATION_LEVEL = 0;
				GCC_PREPROCESSOR_DEFINITIONS = (
					"DEBUG=1",
					"$(inherited)",
				);
				GCC_WARN_64_TO_32_BIT_CONVERSION = YES;
				GCC_WARN_ABOUT_RETURN_TYPE = YES_ERROR;
				GCC_WARN_UNDECLARED_SELECTOR = YES;
				GCC_WARN_UNINITIALIZED_AUTOS = YES_AGGRESSIVE;
				GCC_WARN_UNUSED_FUNCTION = YES;
				GCC_WARN_UNUSED_VARIABLE = YES;
				IPHONEOS_DEPLOYMENT_TARGET = 9.3;
				MTL_ENABLE_DEBUG_INFO = YES;
				ONLY_ACTIVE_ARCH = YES;
				SDKROOT = iphoneos;
			};
			name = Debug;
		};
		2D88EE6E1CE9A8FD00E7E91C /* Release */ = {
			isa = XCBuildConfiguration;
			buildSettings = {
				ALWAYS_SEARCH_USER_PATHS = NO;
				CLANG_ANALYZER_NONNULL = YES;
				CLANG_CXX_LANGUAGE_STANDARD = "gnu++0x";
				CLANG_CXX_LIBRARY = "libc++";
				CLANG_ENABLE_MODULES = YES;
				CLANG_ENABLE_OBJC_ARC = YES;
				CLANG_WARN_BOOL_CONVERSION = YES;
				CLANG_WARN_CONSTANT_CONVERSION = YES;
				CLANG_WARN_DIRECT_OBJC_ISA_USAGE = YES_ERROR;
				CLANG_WARN_EMPTY_BODY = YES;
				CLANG_WARN_ENUM_CONVERSION = YES;
				CLANG_WARN_INT_CONVERSION = YES;
				CLANG_WARN_OBJC_ROOT_CLASS = YES_ERROR;
				CLANG_WARN_UNREACHABLE_CODE = YES;
				CLANG_WARN__DUPLICATE_METHOD_MATCH = YES;
				"CODE_SIGN_IDENTITY[sdk=iphoneos*]" = "iPhone Developer";
				COPY_PHASE_STRIP = NO;
				DEBUG_INFORMATION_FORMAT = "dwarf-with-dsym";
				ENABLE_NS_ASSERTIONS = NO;
				ENABLE_STRICT_OBJC_MSGSEND = YES;
				GCC_C_LANGUAGE_STANDARD = gnu99;
				GCC_NO_COMMON_BLOCKS = YES;
				GCC_WARN_64_TO_32_BIT_CONVERSION = YES;
				GCC_WARN_ABOUT_RETURN_TYPE = YES_ERROR;
				GCC_WARN_UNDECLARED_SELECTOR = YES;
				GCC_WARN_UNINITIALIZED_AUTOS = YES_AGGRESSIVE;
				GCC_WARN_UNUSED_FUNCTION = YES;
				GCC_WARN_UNUSED_VARIABLE = YES;
				IPHONEOS_DEPLOYMENT_TARGET = 9.3;
				MTL_ENABLE_DEBUG_INFO = NO;
				SDKROOT = iphoneos;
				VALIDATE_PRODUCT = YES;
			};
			name = Release;
		};
		2D88EE701CE9A8FD00E7E91C /* Debug */ = {
			isa = XCBuildConfiguration;
			baseConfigurationReference = 87C63861E065CB83B37B4B89 /* Pods-Demo.debug.xcconfig */;
			buildSettings = {
				ASSETCATALOG_COMPILER_APPICON_NAME = AppIcon;
				INFOPLIST_FILE = Demo/Info.plist;
				LD_RUNPATH_SEARCH_PATHS = "$(inherited) @executable_path/Frameworks";
				PRODUCT_BUNDLE_IDENTIFIER = "swp-song.Demo";
				PRODUCT_NAME = "$(TARGET_NAME)";
			};
			name = Debug;
		};
		2D88EE711CE9A8FD00E7E91C /* Release */ = {
			isa = XCBuildConfiguration;
			baseConfigurationReference = 5418C28E464935D13B8865C5 /* Pods-Demo.release.xcconfig */;
			buildSettings = {
				ASSETCATALOG_COMPILER_APPICON_NAME = AppIcon;
				INFOPLIST_FILE = Demo/Info.plist;
				LD_RUNPATH_SEARCH_PATHS = "$(inherited) @executable_path/Frameworks";
				PRODUCT_BUNDLE_IDENTIFIER = "swp-song.Demo";
				PRODUCT_NAME = "$(TARGET_NAME)";
			};
			name = Release;
		};
/* End XCBuildConfiguration section */

/* Begin XCConfigurationList section */
		2D88EE591CE9A8FD00E7E91C /* Build configuration list for PBXProject "Demo" */ = {
			isa = XCConfigurationList;
			buildConfigurations = (
				2D88EE6D1CE9A8FD00E7E91C /* Debug */,
				2D88EE6E1CE9A8FD00E7E91C /* Release */,
			);
			defaultConfigurationIsVisible = 0;
			defaultConfigurationName = Release;
		};
		2D88EE6F1CE9A8FD00E7E91C /* Build configuration list for PBXNativeTarget "Demo" */ = {
			isa = XCConfigurationList;
			buildConfigurations = (
				2D88EE701CE9A8FD00E7E91C /* Debug */,
				2D88EE711CE9A8FD00E7E91C /* Release */,
			);
			defaultConfigurationIsVisible = 0;
			defaultConfigurationName = Release;
		};
/* End XCConfigurationList section */
	};
	rootObject = 2D88EE561CE9A8FD00E7E91C /* Project object */;
}
