// !$*UTF8*$!
{
	archiveVersion = 1;
	classes = {
	};
	objectVersion = 46;
	objects = {

/* Begin PBXBuildFile section */
		2D9F2EB81CE59F0E003A8F8E /* SwpNetworkingVariableType.m in Sources */ = {isa = PBXBuildFile; fileRef = 2D9F2EB71CE59F0E003A8F8E /* SwpNetworkingVariableType.m */; };
		2D9F2EBB1CE5C78B003A8F8E /* SwpNetworkingTools.m in Sources */ = {isa = PBXBuildFile; fileRef = 2D9F2EBA1CE5C78B003A8F8E /* SwpNetworkingTools.m */; };
		2D9F2EBE1CE5DD38003A8F8E /* AppDelegate+SVProgressHUD.m in Sources */ = {isa = PBXBuildFile; fileRef = 2D9F2EBD1CE5DD38003A8F8E /* AppDelegate+SVProgressHUD.m */; };
		463ADF641CB73CB60036CC9F /* main.m in Sources */ = {isa = PBXBuildFile; fileRef = 463ADF631CB73CB60036CC9F /* main.m */; };
		463ADF671CB73CB60036CC9F /* AppDelegate.m in Sources */ = {isa = PBXBuildFile; fileRef = 463ADF661CB73CB60036CC9F /* AppDelegate.m */; };
		463ADF6A1CB73CB60036CC9F /* ViewController.m in Sources */ = {isa = PBXBuildFile; fileRef = 463ADF691CB73CB60036CC9F /* ViewController.m */; };
		463ADF6D1CB73CB60036CC9F /* Main.storyboard in Resources */ = {isa = PBXBuildFile; fileRef = 463ADF6B1CB73CB60036CC9F /* Main.storyboard */; };
		463ADF6F1CB73CB60036CC9F /* Assets.xcassets in Resources */ = {isa = PBXBuildFile; fileRef = 463ADF6E1CB73CB60036CC9F /* Assets.xcassets */; };
		463ADF721CB73CB60036CC9F /* LaunchScreen.storyboard in Resources */ = {isa = PBXBuildFile; fileRef = 463ADF701CB73CB60036CC9F /* LaunchScreen.storyboard */; };
		463ADF7C1CB7419A0036CC9F /* SwpNetworking.m in Sources */ = {isa = PBXBuildFile; fileRef = 463ADF7B1CB7419A0036CC9F /* SwpNetworking.m */; };
		F3C534615528D4EF57D14904 /* libPods-Demo.a in Frameworks */ = {isa = PBXBuildFile; fileRef = 2A8BA5B81DBDC23D68D6D291 /* libPods-Demo.a */; };
/* End PBXBuildFile section */

/* Begin PBXFileReference section */
		2A8BA5B81DBDC23D68D6D291 /* libPods-Demo.a */ = {isa = PBXFileReference; explicitFileType = archive.ar; includeInIndex = 0; path = "libPods-Demo.a"; sourceTree = BUILT_PRODUCTS_DIR; };
		2D9F2EB61CE59F0E003A8F8E /* SwpNetworkingVariableType.h */ = {isa = PBXFileReference; fileEncoding = 4; lastKnownFileType = sourcecode.c.h; path = SwpNetworkingVariableType.h; sourceTree = "<group>"; };
		2D9F2EB71CE59F0E003A8F8E /* SwpNetworkingVariableType.m */ = {isa = PBXFileReference; fileEncoding = 4; lastKnownFileType = sourcecode.c.objc; path = SwpNetworkingVariableType.m; sourceTree = "<group>"; };
		2D9F2EB91CE5C78B003A8F8E /* SwpNetworkingTools.h */ = {isa = PBXFileReference; fileEncoding = 4; lastKnownFileType = sourcecode.c.h; path = SwpNetworkingTools.h; sourceTree = "<group>"; };
		2D9F2EBA1CE5C78B003A8F8E /* SwpNetworkingTools.m */ = {isa = PBXFileReference; fileEncoding = 4; lastKnownFileType = sourcecode.c.objc; path = SwpNetworkingTools.m; sourceTree = "<group>"; };
		2D9F2EBC1CE5DD38003A8F8E /* AppDelegate+SVProgressHUD.h */ = {isa = PBXFileReference; fileEncoding = 4; lastKnownFileType = sourcecode.c.h; path = "AppDelegate+SVProgressHUD.h"; sourceTree = "<group>"; };
		2D9F2EBD1CE5DD38003A8F8E /* AppDelegate+SVProgressHUD.m */ = {isa = PBXFileReference; fileEncoding = 4; lastKnownFileType = sourcecode.c.objc; path = "AppDelegate+SVProgressHUD.m"; sourceTree = "<group>"; };
		4150E427F3ABF6B09C8A6EBE /* Pods-Demo.debug.xcconfig */ = {isa = PBXFileReference; includeInIndex = 1; lastKnownFileType = text.xcconfig; name = "Pods-Demo.debug.xcconfig"; path = "Pods/Target Support Files/Pods-Demo/Pods-Demo.debug.xcconfig"; sourceTree = "<group>"; };
		463ADF5F1CB73CB60036CC9F /* Demo.app */ = {isa = PBXFileReference; explicitFileType = wrapper.application; includeInIndex = 0; path = Demo.app; sourceTree = BUILT_PRODUCTS_DIR; };
		463ADF631CB73CB60036CC9F /* main.m */ = {isa = PBXFileReference; lastKnownFileType = sourcecode.c.objc; path = main.m; sourceTree = "<group>"; };
		463ADF651CB73CB60036CC9F /* AppDelegate.h */ = {isa = PBXFileReference; lastKnownFileType = sourcecode.c.h; path = AppDelegate.h; sourceTree = "<group>"; };
		463ADF661CB73CB60036CC9F /* AppDelegate.m */ = {isa = PBXFileReference; lastKnownFileType = sourcecode.c.objc; path = AppDelegate.m; sourceTree = "<group>"; };
		463ADF681CB73CB60036CC9F /* ViewController.h */ = {isa = PBXFileReference; lastKnownFileType = sourcecode.c.h; path = ViewController.h; sourceTree = "<group>"; };
		463ADF691CB73CB60036CC9F /* ViewController.m */ = {isa = PBXFileReference; lastKnownFileType = sourcecode.c.objc; path = ViewController.m; sourceTree = "<group>"; };
		463ADF6C1CB73CB60036CC9F /* Base */ = {isa = PBXFileReference; lastKnownFileType = file.storyboard; name = Base; path = Base.lproj/Main.storyboard; sourceTree = "<group>"; };
		463ADF6E1CB73CB60036CC9F /* Assets.xcassets */ = {isa = PBXFileReference; lastKnownFileType = folder.assetcatalog; path = Assets.xcassets; sourceTree = "<group>"; };
		463ADF711CB73CB60036CC9F /* Base */ = {isa = PBXFileReference; lastKnownFileType = file.storyboard; name = Base; path = Base.lproj/LaunchScreen.storyboard; sourceTree = "<group>"; };
		463ADF731CB73CB60036CC9F /* Info.plist */ = {isa = PBXFileReference; lastKnownFileType = text.plist.xml; path = Info.plist; sourceTree = "<group>"; };
		463ADF7A1CB7419A0036CC9F /* SwpNetworking.h */ = {isa = PBXFileReference; fileEncoding = 4; lastKnownFileType = sourcecode.c.h; path = SwpNetworking.h; sourceTree = "<group>"; };
		463ADF7B1CB7419A0036CC9F /* SwpNetworking.m */ = {isa = PBXFileReference; fileEncoding = 4; lastKnownFileType = sourcecode.c.objc; path = SwpNetworking.m; sourceTree = "<group>"; };
		A86864545EC8AC8F2E92C521 /* Pods-Demo.release.xcconfig */ = {isa = PBXFileReference; includeInIndex = 1; lastKnownFileType = text.xcconfig; name = "Pods-Demo.release.xcconfig"; path = "Pods/Target Support Files/Pods-Demo/Pods-Demo.release.xcconfig"; sourceTree = "<group>"; };
/* End PBXFileReference section */

/* Begin PBXFrameworksBuildPhase section */
		463ADF5C1CB73CB60036CC9F /* Frameworks */ = {
			isa = PBXFrameworksBuildPhase;
			buildActionMask = 2147483647;
			files = (
				F3C534615528D4EF57D14904 /* libPods-Demo.a in Frameworks */,
			);
			runOnlyForDeploymentPostprocessing = 0;
		};
/* End PBXFrameworksBuildPhase section */

/* Begin PBXGroup section */
		00350A04217C081AD040C72B /* Pods */ = {
			isa = PBXGroup;
			children = (
				4150E427F3ABF6B09C8A6EBE /* Pods-Demo.debug.xcconfig */,
				A86864545EC8AC8F2E92C521 /* Pods-Demo.release.xcconfig */,
			);
			name = Pods;
			sourceTree = "<group>";
		};
		463ADF561CB73CB60036CC9F = {
			isa = PBXGroup;
			children = (
				463ADF791CB7419A0036CC9F /* SwpNetworking */,
				463ADF611CB73CB60036CC9F /* Demo */,
				463ADF601CB73CB60036CC9F /* Products */,
				00350A04217C081AD040C72B /* Pods */,
				86301993985D5B964DE464C9 /* Frameworks */,
			);
			sourceTree = "<group>";
		};
		463ADF601CB73CB60036CC9F /* Products */ = {
			isa = PBXGroup;
			children = (
				463ADF5F1CB73CB60036CC9F /* Demo.app */,
			);
			name = Products;
			sourceTree = "<group>";
		};
		463ADF611CB73CB60036CC9F /* Demo */ = {
			isa = PBXGroup;
			children = (
				2D9F2EBC1CE5DD38003A8F8E /* AppDelegate+SVProgressHUD.h */,
				2D9F2EBD1CE5DD38003A8F8E /* AppDelegate+SVProgressHUD.m */,
				463ADF651CB73CB60036CC9F /* AppDelegate.h */,
				463ADF661CB73CB60036CC9F /* AppDelegate.m */,
				463ADF681CB73CB60036CC9F /* ViewController.h */,
				463ADF691CB73CB60036CC9F /* ViewController.m */,
				463ADF6B1CB73CB60036CC9F /* Main.storyboard */,
				463ADF6E1CB73CB60036CC9F /* Assets.xcassets */,
				463ADF701CB73CB60036CC9F /* LaunchScreen.storyboard */,
				463ADF731CB73CB60036CC9F /* Info.plist */,
				463ADF621CB73CB60036CC9F /* Supporting Files */,
			);
			path = Demo;
			sourceTree = "<group>";
		};
		463ADF621CB73CB60036CC9F /* Supporting Files */ = {
			isa = PBXGroup;
			children = (
				463ADF631CB73CB60036CC9F /* main.m */,
			);
			name = "Supporting Files";
			sourceTree = "<group>";
		};
		463ADF791CB7419A0036CC9F /* SwpNetworking */ = {
			isa = PBXGroup;
			children = (
				463ADF7A1CB7419A0036CC9F /* SwpNetworking.h */,
				463ADF7B1CB7419A0036CC9F /* SwpNetworking.m */,
				2D9F2EB61CE59F0E003A8F8E /* SwpNetworkingVariableType.h */,
				2D9F2EB71CE59F0E003A8F8E /* SwpNetworkingVariableType.m */,
				2D9F2EB91CE5C78B003A8F8E /* SwpNetworkingTools.h */,
				2D9F2EBA1CE5C78B003A8F8E /* SwpNetworkingTools.m */,
			);
			name = SwpNetworking;
			path = ../SwpNetworking;
			sourceTree = "<group>";
		};
		86301993985D5B964DE464C9 /* Frameworks */ = {
			isa = PBXGroup;
			children = (
				2A8BA5B81DBDC23D68D6D291 /* libPods-Demo.a */,
			);
			name = Frameworks;
			sourceTree = "<group>";
		};
/* End PBXGroup section */

/* Begin PBXNativeTarget section */
		463ADF5E1CB73CB60036CC9F /* Demo */ = {
			isa = PBXNativeTarget;
			buildConfigurationList = 463ADF761CB73CB60036CC9F /* Build configuration list for PBXNativeTarget "Demo" */;
			buildPhases = (
				37847B7D6A24663BE1628182 /* 📦 Check Pods Manifest.lock */,
				463ADF5B1CB73CB60036CC9F /* Sources */,
				463ADF5C1CB73CB60036CC9F /* Frameworks */,
				463ADF5D1CB73CB60036CC9F /* Resources */,
				7A5B62F488DCD325EC811D25 /* 📦 Embed Pods Frameworks */,
				F04A14EA9793DA3138062FAF /* 📦 Copy Pods Resources */,
			);
			buildRules = (
			);
			dependencies = (
			);
			name = Demo;
			productName = Demo;
			productReference = 463ADF5F1CB73CB60036CC9F /* Demo.app */;
			productType = "com.apple.product-type.application";
		};
/* End PBXNativeTarget section */

/* Begin PBXProject section */
		463ADF571CB73CB60036CC9F /* Project object */ = {
			isa = PBXProject;
			attributes = {
				LastUpgradeCheck = 0730;
				ORGANIZATIONNAME = swp_song;
				TargetAttributes = {
					463ADF5E1CB73CB60036CC9F = {
						CreatedOnToolsVersion = 7.3;
					};
				};
			};
			buildConfigurationList = 463ADF5A1CB73CB60036CC9F /* Build configuration list for PBXProject "Demo" */;
			compatibilityVersion = "Xcode 3.2";
			developmentRegion = English;
			hasScannedForEncodings = 0;
			knownRegions = (
				en,
				Base,
			);
			mainGroup = 463ADF561CB73CB60036CC9F;
			productRefGroup = 463ADF601CB73CB60036CC9F /* Products */;
			projectDirPath = "";
			projectRoot = "";
			targets = (
				463ADF5E1CB73CB60036CC9F /* Demo */,
			);
		};
/* End PBXProject section */

/* Begin PBXResourcesBuildPhase section */
		463ADF5D1CB73CB60036CC9F /* Resources */ = {
			isa = PBXResourcesBuildPhase;
			buildActionMask = 2147483647;
			files = (
				463ADF721CB73CB60036CC9F /* LaunchScreen.storyboard in Resources */,
				463ADF6F1CB73CB60036CC9F /* Assets.xcassets in Resources */,
				463ADF6D1CB73CB60036CC9F /* Main.storyboard in Resources */,
			);
			runOnlyForDeploymentPostprocessing = 0;
		};
/* End PBXResourcesBuildPhase section */

/* Begin PBXShellScriptBuildPhase section */
		37847B7D6A24663BE1628182 /* 📦 Check Pods Manifest.lock */ = {
			isa = PBXShellScriptBuildPhase;
			buildActionMask = 2147483647;
			files = (
			);
			inputPaths = (
			);
			name = "📦 Check Pods Manifest.lock";
			outputPaths = (
			);
			runOnlyForDeploymentPostprocessing = 0;
			shellPath = /bin/sh;
			shellScript = "diff \"${PODS_ROOT}/../Podfile.lock\" \"${PODS_ROOT}/Manifest.lock\" > /dev/null\nif [[ $? != 0 ]] ; then\n    cat << EOM\nerror: The sandbox is not in sync with the Podfile.lock. Run 'pod install' or update your CocoaPods installation.\nEOM\n    exit 1\nfi\n";
			showEnvVarsInLog = 0;
		};
		7A5B62F488DCD325EC811D25 /* 📦 Embed Pods Frameworks */ = {
			isa = PBXShellScriptBuildPhase;
			buildActionMask = 2147483647;
			files = (
			);
			inputPaths = (
			);
			name = "📦 Embed Pods Frameworks";
			outputPaths = (
			);
			runOnlyForDeploymentPostprocessing = 0;
			shellPath = /bin/sh;
			shellScript = "\"${SRCROOT}/Pods/Target Support Files/Pods-Demo/Pods-Demo-frameworks.sh\"\n";
			showEnvVarsInLog = 0;
		};
		F04A14EA9793DA3138062FAF /* 📦 Copy Pods Resources */ = {
			isa = PBXShellScriptBuildPhase;
			buildActionMask = 2147483647;
			files = (
			);
			inputPaths = (
			);
			name = "📦 Copy Pods Resources";
			outputPaths = (
			);
			runOnlyForDeploymentPostprocessing = 0;
			shellPath = /bin/sh;
			shellScript = "\"${SRCROOT}/Pods/Target Support Files/Pods-Demo/Pods-Demo-resources.sh\"\n";
			showEnvVarsInLog = 0;
		};
/* End PBXShellScriptBuildPhase section */

/* Begin PBXSourcesBuildPhase section */
		463ADF5B1CB73CB60036CC9F /* Sources */ = {
			isa = PBXSourcesBuildPhase;
			buildActionMask = 2147483647;
			files = (
				463ADF7C1CB7419A0036CC9F /* SwpNetworking.m in Sources */,
				2D9F2EB81CE59F0E003A8F8E /* SwpNetworkingVariableType.m in Sources */,
				2D9F2EBE1CE5DD38003A8F8E /* AppDelegate+SVProgressHUD.m in Sources */,
				463ADF6A1CB73CB60036CC9F /* ViewController.m in Sources */,
				463ADF671CB73CB60036CC9F /* AppDelegate.m in Sources */,
				2D9F2EBB1CE5C78B003A8F8E /* SwpNetworkingTools.m in Sources */,
				463ADF641CB73CB60036CC9F /* main.m in Sources */,
			);
			runOnlyForDeploymentPostprocessing = 0;
		};
/* End PBXSourcesBuildPhase section */

/* Begin PBXVariantGroup section */
		463ADF6B1CB73CB60036CC9F /* Main.storyboard */ = {
			isa = PBXVariantGroup;
			children = (
				463ADF6C1CB73CB60036CC9F /* Base */,
			);
			name = Main.storyboard;
			sourceTree = "<group>";
		};
		463ADF701CB73CB60036CC9F /* LaunchScreen.storyboard */ = {
			isa = PBXVariantGroup;
			children = (
				463ADF711CB73CB60036CC9F /* Base */,
			);
			name = LaunchScreen.storyboard;
			sourceTree = "<group>";
		};
/* End PBXVariantGroup section */

/* Begin XCBuildConfiguration section */
		463ADF741CB73CB60036CC9F /* Debug */ = {
			isa = XCBuildConfiguration;
			buildSettings = {
				ALWAYS_SEARCH_USER_PATHS = NO;
				CLANG_ANALYZER_NONNULL = YES;
				CLANG_CXX_LANGUAGE_STANDARD = "gnu++0x";
				CLANG_CXX_LIBRARY = "libc++";
				CLANG_ENABLE_MODULES = YES;
				CLANG_ENABLE_OBJC_ARC = YES;
				CLANG_WARN_BOOL_CONVERSION = YES;
				CLANG_WARN_CONSTANT_CONVERSION = YES;
				CLANG_WARN_DIRECT_OBJC_ISA_USAGE = YES_ERROR;
				CLANG_WARN_EMPTY_BODY = YES;
				CLANG_WARN_ENUM_CONVERSION = YES;
				CLANG_WARN_INT_CONVERSION = YES;
				CLANG_WARN_OBJC_ROOT_CLASS = YES_ERROR;
				CLANG_WARN_UNREACHABLE_CODE = YES;
				CLANG_WARN__DUPLICATE_METHOD_MATCH = YES;
				"CODE_SIGN_IDENTITY[sdk=iphoneos*]" = "iPhone Developer";
				COPY_PHASE_STRIP = NO;
				DEBUG_INFORMATION_FORMAT = dwarf;
				ENABLE_STRICT_OBJC_MSGSEND = YES;
				ENABLE_TESTABILITY = YES;
				GCC_C_LANGUAGE_STANDARD = gnu99;
				GCC_DYNAMIC_NO_PIC = NO;
				GCC_NO_COMMON_BLOCKS = YES;
				GCC_OPTIMIZATION_LEVEL = 0;
				GCC_PREPROCESSOR_DEFINITIONS = (
					"DEBUG=1",
					"$(inherited)",
				);
				GCC_WARN_64_TO_32_BIT_CONVERSION = YES;
				GCC_WARN_ABOUT_RETURN_TYPE = YES_ERROR;
				GCC_WARN_UNDECLARED_SELECTOR = YES;
				GCC_WARN_UNINITIALIZED_AUTOS = YES_AGGRESSIVE;
				GCC_WARN_UNUSED_FUNCTION = YES;
				GCC_WARN_UNUSED_VARIABLE = YES;
				IPHONEOS_DEPLOYMENT_TARGET = 9.3;
				MTL_ENABLE_DEBUG_INFO = YES;
				ONLY_ACTIVE_ARCH = YES;
				SDKROOT = iphoneos;
			};
			name = Debug;
		};
		463ADF751CB73CB60036CC9F /* Release */ = {
			isa = XCBuildConfiguration;
			buildSettings = {
				ALWAYS_SEARCH_USER_PATHS = NO;
				CLANG_ANALYZER_NONNULL = YES;
				CLANG_CXX_LANGUAGE_STANDARD = "gnu++0x";
				CLANG_CXX_LIBRARY = "libc++";
				CLANG_ENABLE_MODULES = YES;
				CLANG_ENABLE_OBJC_ARC = YES;
				CLANG_WARN_BOOL_CONVERSION = YES;
				CLANG_WARN_CONSTANT_CONVERSION = YES;
				CLANG_WARN_DIRECT_OBJC_ISA_USAGE = YES_ERROR;
				CLANG_WARN_EMPTY_BODY = YES;
				CLANG_WARN_ENUM_CONVERSION = YES;
				CLANG_WARN_INT_CONVERSION = YES;
				CLANG_WARN_OBJC_ROOT_CLASS = YES_ERROR;
				CLANG_WARN_UNREACHABLE_CODE = YES;
				CLANG_WARN__DUPLICATE_METHOD_MATCH = YES;
				"CODE_SIGN_IDENTITY[sdk=iphoneos*]" = "iPhone Developer";
				COPY_PHASE_STRIP = NO;
				DEBUG_INFORMATION_FORMAT = "dwarf-with-dsym";
				ENABLE_NS_ASSERTIONS = NO;
				ENABLE_STRICT_OBJC_MSGSEND = YES;
				GCC_C_LANGUAGE_STANDARD = gnu99;
				GCC_NO_COMMON_BLOCKS = YES;
				GCC_WARN_64_TO_32_BIT_CONVERSION = YES;
				GCC_WARN_ABOUT_RETURN_TYPE = YES_ERROR;
				GCC_WARN_UNDECLARED_SELECTOR = YES;
				GCC_WARN_UNINITIALIZED_AUTOS = YES_AGGRESSIVE;
				GCC_WARN_UNUSED_FUNCTION = YES;
				GCC_WARN_UNUSED_VARIABLE = YES;
				IPHONEOS_DEPLOYMENT_TARGET = 9.3;
				MTL_ENABLE_DEBUG_INFO = NO;
				SDKROOT = iphoneos;
				VALIDATE_PRODUCT = YES;
			};
			name = Release;
		};
		463ADF771CB73CB60036CC9F /* Debug */ = {
			isa = XCBuildConfiguration;
			baseConfigurationReference = 4150E427F3ABF6B09C8A6EBE /* Pods-Demo.debug.xcconfig */;
			buildSettings = {
				ASSETCATALOG_COMPILER_APPICON_NAME = AppIcon;
				INFOPLIST_FILE = Demo/Info.plist;
				LD_RUNPATH_SEARCH_PATHS = "$(inherited) @executable_path/Frameworks";
				PRODUCT_BUNDLE_IDENTIFIER = Demo;
				PRODUCT_NAME = "$(TARGET_NAME)";
			};
			name = Debug;
		};
		463ADF781CB73CB60036CC9F /* Release */ = {
			isa = XCBuildConfiguration;
			baseConfigurationReference = A86864545EC8AC8F2E92C521 /* Pods-Demo.release.xcconfig */;
			buildSettings = {
				ASSETCATALOG_COMPILER_APPICON_NAME = AppIcon;
				INFOPLIST_FILE = Demo/Info.plist;
				LD_RUNPATH_SEARCH_PATHS = "$(inherited) @executable_path/Frameworks";
				PRODUCT_BUNDLE_IDENTIFIER = Demo;
				PRODUCT_NAME = "$(TARGET_NAME)";
			};
			name = Release;
		};
/* End XCBuildConfiguration section */

/* Begin XCConfigurationList section */
		463ADF5A1CB73CB60036CC9F /* Build configuration list for PBXProject "Demo" */ = {
			isa = XCConfigurationList;
			buildConfigurations = (
				463ADF741CB73CB60036CC9F /* Debug */,
				463ADF751CB73CB60036CC9F /* Release */,
			);
			defaultConfigurationIsVisible = 0;
			defaultConfigurationName = Release;
		};
		463ADF761CB73CB60036CC9F /* Build configuration list for PBXNativeTarget "Demo" */ = {
			isa = XCConfigurationList;
			buildConfigurations = (
				463ADF771CB73CB60036CC9F /* Debug */,
				463ADF781CB73CB60036CC9F /* Release */,
			);
			defaultConfigurationIsVisible = 0;
			defaultConfigurationName = Release;
		};
/* End XCConfigurationList section */
	};
	rootObject = 463ADF571CB73CB60036CC9F /* Project object */;
}
